{
  "version": 4,
  "terraform_version": "1.2.1",
  "serial": 3,
  "lineage": "33df620a-1d51-7e77-dc13-ed85c4e41013",
  "outputs": {},
  "resources": [
    {
      "mode": "managed",
      "type": "local_file",
      "name": "pet",
      "provider": "provider[\"registry.terraform.io/hashicorp/local\"]",
      "instances": [
        {
          "schema_version": 0,
          "attributes": {
            "content": "We love pets!\n This is really cool!",
            "content_base64": null,
            "directory_permission": "0777",
            "file_permission": "0777",
            "filename": "C:/Users/CRSyndergaard/Documents/terraformPractice/CreateALocalFile/pets.txt",
            "id": "342d695ff14e3d35b089a73a8dd4c6cfe01b8971",
            "sensitive_content": null,
            "source": null
          },
          "sensitive_attributes": [],
          "private": "bnVsbA=="
        }
      ]
    }
  ]
}
